
Microsoft Visual Studio Solution File, Format Version 12.00
# Visual Studio Version 17
VisualStudioVersion = 17.3.32929.385
MinimumVisualStudioVersion = 10.0.40219.1
Project("{FAE04EC0-301F-11D3-BF4B-00C04F79EFBC}") = "James Webb Lover", "James Webb Lover\James Webb Lover.csproj", "{0B252C0F-9D8F-4237-93AB-24389AA10324}"
EndProject
Global
	GlobalSection(SolutionConfigurationPlatforms) = preSolution
		Debug|Any CPU = Debug|Any CPU
		Release|Any CPU = Release|Any CPU
	EndGlobalSection
	GlobalSection(ProjectConfigurationPlatforms) = postSolution
		{0B252C0F-9D8F-4237-93AB-24389AA10324}.Debug|Any CPU.ActiveCfg = Debug|Any CPU
		{0B252C0F-9D8F-4237-93AB-24389AA10324}.Debug|Any CPU.Build.0 = Debug|Any CPU
		{0B252C0F-9D8F-4237-93AB-24389AA10324}.Release|Any CPU.ActiveCfg = Release|Any CPU
		{0B252C0F-9D8F-4237-93AB-24389AA10324}.Release|Any CPU.Build.0 = Release|Any CPU
	EndGlobalSection
	GlobalSection(SolutionProperties) = preSolution
		HideSolutionNode = FALSE
	EndGlobalSection
	GlobalSection(ExtensibilityGlobals) = postSolution
		SolutionGuid = {BC3D2C46-40A1-4E94-AB41-4C94676B691D}
	EndGlobalSection
EndGlobal
